
Microsoft Visual Studio Solution File, Format Version 12.00
# Visual Studio Version 16
VisualStudioVersion = 25.0.1706.3
MinimumVisualStudioVersion = 10.0.40219.1
Project("{FAE04EC0-301F-11D3-BF4B-00C04F79EFBC}") = "CSharp-stopWatchExercise", "CSharp-stopWatchExercise.csproj", "{DB0060D3-CA3C-4C4B-8093-0E60F94A63FB}"
EndProject
Global
	GlobalSection(SolutionConfigurationPlatforms) = preSolution
		Debug|Any CPU = Debug|Any CPU
		Release|Any CPU = Release|Any CPU
	EndGlobalSection
	GlobalSection(ProjectConfigurationPlatforms) = postSolution
		{DB0060D3-CA3C-4C4B-8093-0E60F94A63FB}.Debug|Any CPU.ActiveCfg = Debug|Any CPU
		{DB0060D3-CA3C-4C4B-8093-0E60F94A63FB}.Debug|Any CPU.Build.0 = Debug|Any CPU
		{DB0060D3-CA3C-4C4B-8093-0E60F94A63FB}.Release|Any CPU.ActiveCfg = Release|Any CPU
		{DB0060D3-CA3C-4C4B-8093-0E60F94A63FB}.Release|Any CPU.Build.0 = Release|Any CPU
	EndGlobalSection
	GlobalSection(SolutionProperties) = preSolution
		HideSolutionNode = FALSE
	EndGlobalSection
	GlobalSection(ExtensibilityGlobals) = postSolution
		SolutionGuid = {F0A8922B-22CF-4F51-8058-5A96D2A52174}
	EndGlobalSection
EndGlobal
